
Microsoft Visual Studio Solution File, Format Version 12.00
# Visual Studio 2013
VisualStudioVersion = 12.0.31101.0
MinimumVisualStudioVersion = 10.0.40219.1
Project("{2150E333-8FDC-42A3-9474-1A3956D46DE8}") = ".nuget", ".nuget", "{2FB1584A-EBF2-4434-AB9F-39622134F90E}"
	ProjectSection(SolutionItems) = preProject
		.nuget\NuGet.Config = .nuget\NuGet.Config
		.nuget\NuGet.exe = .nuget\NuGet.exe
		.nuget\NuGet.targets = .nuget\NuGet.targets
	EndProjectSection
EndProject
Project("{FAE04EC0-301F-11D3-BF4B-00C04F79EFBC}") = "CSharp-Snippets", "CSharp-Snippets\CSharp-Snippets.csproj", "{10552C59-DA1B-4889-8BAF-132E5AC7465F}"
EndProject
Project("{F2A71F9B-5D33-465A-A702-920D77279786}") = "FSharp-Snippets", "FSharp-Snippets\FSharp-Snippets.fsproj", "{4F62267C-36C9-4465-8A47-39C6C1D8DB0A}"
EndProject
Project("{F2A71F9B-5D33-465A-A702-920D77279786}") = "Type-Providers", "Type-Providers\Type-Providers.fsproj", "{7958B3D7-38B6-4395-BF7C-6220E39AA0E7}"
EndProject
Project("{FAE04EC0-301F-11D3-BF4B-00C04F79EFBC}") = "CSharp-Beginning", "CSharp-Beginning\CSharp-Beginning.csproj", "{036881E4-CCFF-4682-A364-32B11A4E97C8}"
EndProject
Global
	GlobalSection(SolutionConfigurationPlatforms) = preSolution
		Debug|Any CPU = Debug|Any CPU
		Release|Any CPU = Release|Any CPU
	EndGlobalSection
	GlobalSection(ProjectConfigurationPlatforms) = postSolution
		{10552C59-DA1B-4889-8BAF-132E5AC7465F}.Debug|Any CPU.ActiveCfg = Debug|Any CPU
		{10552C59-DA1B-4889-8BAF-132E5AC7465F}.Debug|Any CPU.Build.0 = Debug|Any CPU
		{10552C59-DA1B-4889-8BAF-132E5AC7465F}.Release|Any CPU.ActiveCfg = Release|Any CPU
		{10552C59-DA1B-4889-8BAF-132E5AC7465F}.Release|Any CPU.Build.0 = Release|Any CPU
		{4F62267C-36C9-4465-8A47-39C6C1D8DB0A}.Debug|Any CPU.ActiveCfg = Debug|Any CPU
		{4F62267C-36C9-4465-8A47-39C6C1D8DB0A}.Debug|Any CPU.Build.0 = Debug|Any CPU
		{4F62267C-36C9-4465-8A47-39C6C1D8DB0A}.Release|Any CPU.ActiveCfg = Release|Any CPU
		{4F62267C-36C9-4465-8A47-39C6C1D8DB0A}.Release|Any CPU.Build.0 = Release|Any CPU
		{7958B3D7-38B6-4395-BF7C-6220E39AA0E7}.Debug|Any CPU.ActiveCfg = Debug|Any CPU
		{7958B3D7-38B6-4395-BF7C-6220E39AA0E7}.Debug|Any CPU.Build.0 = Debug|Any CPU
		{7958B3D7-38B6-4395-BF7C-6220E39AA0E7}.Release|Any CPU.ActiveCfg = Release|Any CPU
		{7958B3D7-38B6-4395-BF7C-6220E39AA0E7}.Release|Any CPU.Build.0 = Release|Any CPU
		{036881E4-CCFF-4682-A364-32B11A4E97C8}.Debug|Any CPU.ActiveCfg = Debug|Any CPU
		{036881E4-CCFF-4682-A364-32B11A4E97C8}.Debug|Any CPU.Build.0 = Debug|Any CPU
		{036881E4-CCFF-4682-A364-32B11A4E97C8}.Release|Any CPU.ActiveCfg = Release|Any CPU
		{036881E4-CCFF-4682-A364-32B11A4E97C8}.Release|Any CPU.Build.0 = Release|Any CPU
	EndGlobalSection
	GlobalSection(SolutionProperties) = preSolution
		HideSolutionNode = FALSE
	EndGlobalSection
EndGlobal
