
Microsoft Visual Studio Solution File, Format Version 12.00
# Visual Studio 2013
VisualStudioVersion = 12.0.31101.0
MinimumVisualStudioVersion = 10.0.40219.1
Project("{FAE04EC0-301F-11D3-BF4B-00C04F79EFBC}") = "Money", "Money\Money.csproj", "{F888BE4B-4A92-4D0C-8187-C310AE2C1B56}"
EndProject
Project("{F2A71F9B-5D33-465A-A702-920D77279786}") = "Money-FSharp", "Money-FSharp\Money-FSharp.fsproj", "{4C7DE13C-93E1-43CA-9512-12D34CF6F820}"
EndProject
Project("{2150E333-8FDC-42A3-9474-1A3956D46DE8}") = ".nuget", ".nuget", "{31E43AFD-1E16-4812-8C8D-6F5EDA3A772B}"
EndProject
Global
	GlobalSection(SolutionConfigurationPlatforms) = preSolution
		Debug|Any CPU = Debug|Any CPU
		Release|Any CPU = Release|Any CPU
	EndGlobalSection
	GlobalSection(ProjectConfigurationPlatforms) = postSolution
		{F888BE4B-4A92-4D0C-8187-C310AE2C1B56}.Debug|Any CPU.ActiveCfg = Debug|Any CPU
		{F888BE4B-4A92-4D0C-8187-C310AE2C1B56}.Debug|Any CPU.Build.0 = Debug|Any CPU
		{F888BE4B-4A92-4D0C-8187-C310AE2C1B56}.Release|Any CPU.ActiveCfg = Release|Any CPU
		{F888BE4B-4A92-4D0C-8187-C310AE2C1B56}.Release|Any CPU.Build.0 = Release|Any CPU
		{4C7DE13C-93E1-43CA-9512-12D34CF6F820}.Debug|Any CPU.ActiveCfg = Debug|Any CPU
		{4C7DE13C-93E1-43CA-9512-12D34CF6F820}.Debug|Any CPU.Build.0 = Debug|Any CPU
		{4C7DE13C-93E1-43CA-9512-12D34CF6F820}.Release|Any CPU.ActiveCfg = Release|Any CPU
		{4C7DE13C-93E1-43CA-9512-12D34CF6F820}.Release|Any CPU.Build.0 = Release|Any CPU
	EndGlobalSection
	GlobalSection(SolutionProperties) = preSolution
		HideSolutionNode = FALSE
	EndGlobalSection
EndGlobal
